// !$*UTF8*$!
{
	archiveVersion = 1;
	classes = {
	};
	objectVersion = 46;
	objects = {

/* Begin PBXBuildFile section */
		CA4EE6761CF7CE57002A4AA5 /* main.m in Sources */ = {isa = PBXBuildFile; fileRef = CA4EE6751CF7CE57002A4AA5 /* main.m */; };
		CA4EE67E1CF7CE95002A4AA5 /* Shape.m in Sources */ = {isa = PBXBuildFile; fileRef = CA4EE67D1CF7CE95002A4AA5 /* Shape.m */; };
		CA4EE6811CF7D009002A4AA5 /* Rectangle.m in Sources */ = {isa = PBXBuildFile; fileRef = CA4EE6801CF7D009002A4AA5 /* Rectangle.m */; };
		CA4EE6841CF7D4ED002A4AA5 /* ShapeManager.m in Sources */ = {isa = PBXBuildFile; fileRef = CA4EE6831CF7D4ED002A4AA5 /* ShapeManager.m */; };
/* End PBXBuildFile section */

/* Begin PBXCopyFilesBuildPhase section */
		CA4EE6701CF7CE57002A4AA5 /* CopyFiles */ = {
			isa = PBXCopyFilesBuildPhase;
			buildActionMask = 2147483647;
			dstPath = /usr/share/man/man1/;
			dstSubfolderSpec = 0;
			files = (
			);
			runOnlyForDeploymentPostprocessing = 1;
		};
/* End PBXCopyFilesBuildPhase section */

/* Begin PBXFileReference section */
		CA4EE6721CF7CE57002A4AA5 /* MemoryTest */ = {isa = PBXFileReference; explicitFileType = "compiled.mach-o.executable"; includeInIndex = 0; path = MemoryTest; sourceTree = BUILT_PRODUCTS_DIR; };
		CA4EE6751CF7CE57002A4AA5 /* main.m */ = {isa = PBXFileReference; lastKnownFileType = sourcecode.c.objc; path = main.m; sourceTree = "<group>"; };
		CA4EE67C1CF7CE95002A4AA5 /* Shape.h */ = {isa = PBXFileReference; fileEncoding = 4; lastKnownFileType = sourcecode.c.h; path = Shape.h; sourceTree = "<group>"; };
		CA4EE67D1CF7CE95002A4AA5 /* Shape.m */ = {isa = PBXFileReference; fileEncoding = 4; lastKnownFileType = sourcecode.c.objc; path = Shape.m; sourceTree = "<group>"; };
		CA4EE67F1CF7D009002A4AA5 /* Rectangle.h */ = {isa = PBXFileReference; fileEncoding = 4; lastKnownFileType = sourcecode.c.h; path = Rectangle.h; sourceTree = "<group>"; };
		CA4EE6801CF7D009002A4AA5 /* Rectangle.m */ = {isa = PBXFileReference; fileEncoding = 4; lastKnownFileType = sourcecode.c.objc; path = Rectangle.m; sourceTree = "<group>"; };
		CA4EE6821CF7D4ED002A4AA5 /* ShapeManager.h */ = {isa = PBXFileReference; fileEncoding = 4; lastKnownFileType = sourcecode.c.h; path = ShapeManager.h; sourceTree = "<group>"; };
		CA4EE6831CF7D4ED002A4AA5 /* ShapeManager.m */ = {isa = PBXFileReference; fileEncoding = 4; lastKnownFileType = sourcecode.c.objc; path = ShapeManager.m; sourceTree = "<group>"; };
/* End PBXFileReference section */

/* Begin PBXFrameworksBuildPhase section */
		CA4EE66F1CF7CE57002A4AA5 /* Frameworks */ = {
			isa = PBXFrameworksBuildPhase;
			buildActionMask = 2147483647;
			files = (
			);
			runOnlyForDeploymentPostprocessing = 0;
		};
/* End PBXFrameworksBuildPhase section */

/* Begin PBXGroup section */
		CA4EE6691CF7CE57002A4AA5 = {
			isa = PBXGroup;
			children = (
				CA4EE6741CF7CE57002A4AA5 /* MemoryTest */,
				CA4EE6731CF7CE57002A4AA5 /* Products */,
			);
			sourceTree = "<group>";
		};
		CA4EE6731CF7CE57002A4AA5 /* Products */ = {
			isa = PBXGroup;
			children = (
				CA4EE6721CF7CE57002A4AA5 /* MemoryTest */,
			);
			name = Products;
			sourceTree = "<group>";
		};
		CA4EE6741CF7CE57002A4AA5 /* MemoryTest */ = {
			isa = PBXGroup;
			children = (
				CA4EE6751CF7CE57002A4AA5 /* main.m */,
				CA4EE6821CF7D4ED002A4AA5 /* ShapeManager.h */,
				CA4EE6831CF7D4ED002A4AA5 /* ShapeManager.m */,
				CA4EE67F1CF7D009002A4AA5 /* Rectangle.h */,
				CA4EE6801CF7D009002A4AA5 /* Rectangle.m */,
				CA4EE67C1CF7CE95002A4AA5 /* Shape.h */,
				CA4EE67D1CF7CE95002A4AA5 /* Shape.m */,
			);
			path = MemoryTest;
			sourceTree = "<group>";
		};
/* End PBXGroup section */

/* Begin PBXNativeTarget section */
		CA4EE6711CF7CE57002A4AA5 /* MemoryTest */ = {
			isa = PBXNativeTarget;
			buildConfigurationList = CA4EE6791CF7CE57002A4AA5 /* Build configuration list for PBXNativeTarget "MemoryTest" */;
			buildPhases = (
				CA4EE66E1CF7CE57002A4AA5 /* Sources */,
				CA4EE66F1CF7CE57002A4AA5 /* Frameworks */,
				CA4EE6701CF7CE57002A4AA5 /* CopyFiles */,
			);
			buildRules = (
			);
			dependencies = (
			);
			name = MemoryTest;
			productName = MemoryTest;
			productReference = CA4EE6721CF7CE57002A4AA5 /* MemoryTest */;
			productType = "com.apple.product-type.tool";
		};
/* End PBXNativeTarget section */

/* Begin PBXProject section */
		CA4EE66A1CF7CE57002A4AA5 /* Project object */ = {
			isa = PBXProject;
			attributes = {
				LastUpgradeCheck = 0730;
				ORGANIZATIONNAME = SDS;
				TargetAttributes = {
					CA4EE6711CF7CE57002A4AA5 = {
						CreatedOnToolsVersion = 7.3;
					};
				};
			};
			buildConfigurationList = CA4EE66D1CF7CE57002A4AA5 /* Build configuration list for PBXProject "MemoryTest" */;
			compatibilityVersion = "Xcode 3.2";
			developmentRegion = English;
			hasScannedForEncodings = 0;
			knownRegions = (
				en,
			);
			mainGroup = CA4EE6691CF7CE57002A4AA5;
			productRefGroup = CA4EE6731CF7CE57002A4AA5 /* Products */;
			projectDirPath = "";
			projectRoot = "";
			targets = (
				CA4EE6711CF7CE57002A4AA5 /* MemoryTest */,
			);
		};
/* End PBXProject section */

/* Begin PBXSourcesBuildPhase section */
		CA4EE66E1CF7CE57002A4AA5 /* Sources */ = {
			isa = PBXSourcesBuildPhase;
			buildActionMask = 2147483647;
			files = (
				CA4EE6761CF7CE57002A4AA5 /* main.m in Sources */,
				CA4EE6841CF7D4ED002A4AA5 /* ShapeManager.m in Sources */,
				CA4EE67E1CF7CE95002A4AA5 /* Shape.m in Sources */,
				CA4EE6811CF7D009002A4AA5 /* Rectangle.m in Sources */,
			);
			runOnlyForDeploymentPostprocessing = 0;
		};
/* End PBXSourcesBuildPhase section */

/* Begin XCBuildConfiguration section */
		CA4EE6771CF7CE57002A4AA5 /* Debug */ = {
			isa = XCBuildConfiguration;
			buildSettings = {
				ALWAYS_SEARCH_USER_PATHS = NO;
				CLANG_ANALYZER_NONNULL = YES;
				CLANG_CXX_LANGUAGE_STANDARD = "gnu++0x";
				CLANG_CXX_LIBRARY = "libc++";
				CLANG_ENABLE_MODULES = YES;
				CLANG_ENABLE_OBJC_ARC = YES;
				CLANG_WARN_BOOL_CONVERSION = YES;
				CLANG_WARN_CONSTANT_CONVERSION = YES;
				CLANG_WARN_DIRECT_OBJC_ISA_USAGE = YES_ERROR;
				CLANG_WARN_EMPTY_BODY = YES;
				CLANG_WARN_ENUM_CONVERSION = YES;
				CLANG_WARN_INT_CONVERSION = YES;
				CLANG_WARN_OBJC_ROOT_CLASS = YES_ERROR;
				CLANG_WARN_UNREACHABLE_CODE = YES;
				CLANG_WARN__DUPLICATE_METHOD_MATCH = YES;
				CODE_SIGN_IDENTITY = "-";
				COPY_PHASE_STRIP = NO;
				DEBUG_INFORMATION_FORMAT = dwarf;
				ENABLE_STRICT_OBJC_MSGSEND = YES;
				ENABLE_TESTABILITY = YES;
				GCC_C_LANGUAGE_STANDARD = gnu99;
				GCC_DYNAMIC_NO_PIC = NO;
				GCC_NO_COMMON_BLOCKS = YES;
				GCC_OPTIMIZATION_LEVEL = 0;
				GCC_PREPROCESSOR_DEFINITIONS = (
					"DEBUG=1",
					"$(inherited)",
				);
				GCC_WARN_64_TO_32_BIT_CONVERSION = YES;
				GCC_WARN_ABOUT_RETURN_TYPE = YES_ERROR;
				GCC_WARN_UNDECLARED_SELECTOR = YES;
				GCC_WARN_UNINITIALIZED_AUTOS = YES_AGGRESSIVE;
				GCC_WARN_UNUSED_FUNCTION = YES;
				GCC_WARN_UNUSED_VARIABLE = YES;
				MACOSX_DEPLOYMENT_TARGET = 10.11;
				MTL_ENABLE_DEBUG_INFO = YES;
				ONLY_ACTIVE_ARCH = YES;
				SDKROOT = macosx;
			};
			name = Debug;
		};
		CA4EE6781CF7CE57002A4AA5 /* Release */ = {
			isa = XCBuildConfiguration;
			buildSettings = {
				ALWAYS_SEARCH_USER_PATHS = NO;
				CLANG_ANALYZER_NONNULL = YES;
				CLANG_CXX_LANGUAGE_STANDARD = "gnu++0x";
				CLANG_CXX_LIBRARY = "libc++";
				CLANG_ENABLE_MODULES = YES;
				CLANG_ENABLE_OBJC_ARC = YES;
				CLANG_WARN_BOOL_CONVERSION = YES;
				CLANG_WARN_CONSTANT_CONVERSION = YES;
				CLANG_WARN_DIRECT_OBJC_ISA_USAGE = YES_ERROR;
				CLANG_WARN_EMPTY_BODY = YES;
				CLANG_WARN_ENUM_CONVERSION = YES;
				CLANG_WARN_INT_CONVERSION = YES;
				CLANG_WARN_OBJC_ROOT_CLASS = YES_ERROR;
				CLANG_WARN_UNREACHABLE_CODE = YES;
				CLANG_WARN__DUPLICATE_METHOD_MATCH = YES;
				CODE_SIGN_IDENTITY = "-";
				COPY_PHASE_STRIP = NO;
				DEBUG_INFORMATION_FORMAT = "dwarf-with-dsym";
				ENABLE_NS_ASSERTIONS = NO;
				ENABLE_STRICT_OBJC_MSGSEND = YES;
				GCC_C_LANGUAGE_STANDARD = gnu99;
				GCC_NO_COMMON_BLOCKS = YES;
				GCC_WARN_64_TO_32_BIT_CONVERSION = YES;
				GCC_WARN_ABOUT_RETURN_TYPE = YES_ERROR;
				GCC_WARN_UNDECLARED_SELECTOR = YES;
				GCC_WARN_UNINITIALIZED_AUTOS = YES_AGGRESSIVE;
				GCC_WARN_UNUSED_FUNCTION = YES;
				GCC_WARN_UNUSED_VARIABLE = YES;
				MACOSX_DEPLOYMENT_TARGET = 10.11;
				MTL_ENABLE_DEBUG_INFO = NO;
				SDKROOT = macosx;
			};
			name = Release;
		};
		CA4EE67A1CF7CE57002A4AA5 /* Debug */ = {
			isa = XCBuildConfiguration;
			buildSettings = {
				CLANG_ENABLE_OBJC_ARC = NO;
				PRODUCT_NAME = "$(TARGET_NAME)";
			};
			name = Debug;
		};
		CA4EE67B1CF7CE57002A4AA5 /* Release */ = {
			isa = XCBuildConfiguration;
			buildSettings = {
				CLANG_ENABLE_OBJC_ARC = NO;
				PRODUCT_NAME = "$(TARGET_NAME)";
			};
			name = Release;
		};
/* End XCBuildConfiguration section */

/* Begin XCConfigurationList section */
		CA4EE66D1CF7CE57002A4AA5 /* Build configuration list for PBXProject "MemoryTest" */ = {
			isa = XCConfigurationList;
			buildConfigurations = (
				CA4EE6771CF7CE57002A4AA5 /* Debug */,
				CA4EE6781CF7CE57002A4AA5 /* Release */,
			);
			defaultConfigurationIsVisible = 0;
			defaultConfigurationName = Release;
		};
		CA4EE6791CF7CE57002A4AA5 /* Build configuration list for PBXNativeTarget "MemoryTest" */ = {
			isa = XCConfigurationList;
			buildConfigurations = (
				CA4EE67A1CF7CE57002A4AA5 /* Debug */,
				CA4EE67B1CF7CE57002A4AA5 /* Release */,
			);
			defaultConfigurationIsVisible = 0;
		};
/* End XCConfigurationList section */
	};
	rootObject = CA4EE66A1CF7CE57002A4AA5 /* Project object */;
}
